// !$*UTF8*$!
{
	archiveVersion = 1;
	classes = {
	};
	objectVersion = 56;
	objects = {

/* Begin PBXBuildFile section */
		FE8568782906E7D0001FBED1 /* extension_signing_demoApp.swift in Sources */ = {isa = PBXBuildFile; fileRef = FE8568772906E7D0001FBED1 /* extension_signing_demoApp.swift */; };
		FE85687A2906E7D0001FBED1 /* ContentView.swift in Sources */ = {isa = PBXBuildFile; fileRef = FE8568792906E7D0001FBED1 /* ContentView.swift */; };
		FE85687C2906E7D1001FBED1 /* Assets.xcassets in Resources */ = {isa = PBXBuildFile; fileRef = FE85687B2906E7D1001FBED1 /* Assets.xcassets */; };
		FE85687F2906E7D1001FBED1 /* Preview Assets.xcassets in Resources */ = {isa = PBXBuildFile; fileRef = FE85687E2906E7D1001FBED1 /* Preview Assets.xcassets */; };
		FE85688D2906E96C001FBED1 /* FinderSync.swift in Sources */ = {isa = PBXBuildFile; fileRef = FE85688C2906E96C001FBED1 /* FinderSync.swift */; };
		FE8568922906E96C001FBED1 /* findersynctest.appex in Embed Foundation Extensions */ = {isa = PBXBuildFile; fileRef = FE85688A2906E96C001FBED1 /* findersynctest.appex */; settings = {ATTRIBUTES = (RemoveHeadersOnCopy, ); }; };
/* End PBXBuildFile section */

/* Begin PBXContainerItemProxy section */
		FE8568902906E96C001FBED1 /* PBXContainerItemProxy */ = {
			isa = PBXContainerItemProxy;
			containerPortal = FE85686C2906E7D0001FBED1 /* Project object */;
			proxyType = 1;
			remoteGlobalIDString = FE8568892906E96C001FBED1;
			remoteInfo = findersynctest;
		};
/* End PBXContainerItemProxy section */

/* Begin PBXCopyFilesBuildPhase section */
		FE8568962906E96C001FBED1 /* Embed Foundation Extensions */ = {
			isa = PBXCopyFilesBuildPhase;
			buildActionMask = 2147483647;
			dstPath = "";
			dstSubfolderSpec = 13;
			files = (
				FE8568922906E96C001FBED1 /* findersynctest.appex in Embed Foundation Extensions */,
			);
			name = "Embed Foundation Extensions";
			runOnlyForDeploymentPostprocessing = 0;
		};
/* End PBXCopyFilesBuildPhase section */

/* Begin PBXFileReference section */
		FE8568742906E7D0001FBED1 /* extension.signing.demo.app */ = {isa = PBXFileReference; explicitFileType = wrapper.application; includeInIndex = 0; path = extension.signing.demo.app; sourceTree = BUILT_PRODUCTS_DIR; };
		FE8568772906E7D0001FBED1 /* extension_signing_demoApp.swift */ = {isa = PBXFileReference; lastKnownFileType = sourcecode.swift; path = extension_signing_demoApp.swift; sourceTree = "<group>"; };
		FE8568792906E7D0001FBED1 /* ContentView.swift */ = {isa = PBXFileReference; lastKnownFileType = sourcecode.swift; path = ContentView.swift; sourceTree = "<group>"; };
		FE85687B2906E7D1001FBED1 /* Assets.xcassets */ = {isa = PBXFileReference; lastKnownFileType = folder.assetcatalog; path = Assets.xcassets; sourceTree = "<group>"; };
		FE85687E2906E7D1001FBED1 /* Preview Assets.xcassets */ = {isa = PBXFileReference; lastKnownFileType = folder.assetcatalog; path = "Preview Assets.xcassets"; sourceTree = "<group>"; };
		FE8568802906E7D1001FBED1 /* extension_signing_demo.entitlements */ = {isa = PBXFileReference; lastKnownFileType = text.plist.entitlements; path = extension_signing_demo.entitlements; sourceTree = "<group>"; };
		FE85688A2906E96C001FBED1 /* findersynctest.appex */ = {isa = PBXFileReference; explicitFileType = "wrapper.app-extension"; includeInIndex = 0; path = findersynctest.appex; sourceTree = BUILT_PRODUCTS_DIR; };
		FE85688C2906E96C001FBED1 /* FinderSync.swift */ = {isa = PBXFileReference; lastKnownFileType = sourcecode.swift; path = FinderSync.swift; sourceTree = "<group>"; };
		FE85688E2906E96C001FBED1 /* Info.plist */ = {isa = PBXFileReference; lastKnownFileType = text.plist.xml; path = Info.plist; sourceTree = "<group>"; };
		FE85688F2906E96C001FBED1 /* findersynctest.entitlements */ = {isa = PBXFileReference; lastKnownFileType = text.plist.entitlements; path = findersynctest.entitlements; sourceTree = "<group>"; };
		FE91D5F72907B40F00CFAB2D /* exportOptionsCI.plist */ = {isa = PBXFileReference; fileEncoding = 4; lastKnownFileType = text.plist.xml; path = exportOptionsCI.plist; sourceTree = "<group>"; };
		FE91D5F82907B40F00CFAB2D /* export_without_extension_signing.sh */ = {isa = PBXFileReference; fileEncoding = 4; lastKnownFileType = text.script.sh; path = export_without_extension_signing.sh; sourceTree = "<group>"; };
		FE91D5F92907B40F00CFAB2D /* export_with_extension_signing.sh */ = {isa = PBXFileReference; fileEncoding = 4; lastKnownFileType = text.script.sh; path = export_with_extension_signing.sh; sourceTree = "<group>"; };
		FE91D5FD2907B6B000CFAB2D /* Readme.md */ = {isa = PBXFileReference; lastKnownFileType = net.daringfireball.markdown; path = Readme.md; sourceTree = "<group>"; };
/* End PBXFileReference section */

/* Begin PBXFrameworksBuildPhase section */
		FE8568712906E7D0001FBED1 /* Frameworks */ = {
			isa = PBXFrameworksBuildPhase;
			buildActionMask = 2147483647;
			files = (
			);
			runOnlyForDeploymentPostprocessing = 0;
		};
		FE8568872906E96C001FBED1 /* Frameworks */ = {
			isa = PBXFrameworksBuildPhase;
			buildActionMask = 2147483647;
			files = (
			);
			runOnlyForDeploymentPostprocessing = 0;
		};
/* End PBXFrameworksBuildPhase section */

/* Begin PBXGroup section */
		FE85686B2906E7D0001FBED1 = {
			isa = PBXGroup;
			children = (
				FE91D5FD2907B6B000CFAB2D /* Readme.md */,
				FE91D5F92907B40F00CFAB2D /* export_with_extension_signing.sh */,
				FE91D5F82907B40F00CFAB2D /* export_without_extension_signing.sh */,
				FE91D5F72907B40F00CFAB2D /* exportOptionsCI.plist */,
				FE8568762906E7D0001FBED1 /* extension.signing.demo */,
				FE85688B2906E96C001FBED1 /* findersynctest */,
				FE8568752906E7D0001FBED1 /* Products */,
			);
			sourceTree = "<group>";
		};
		FE8568752906E7D0001FBED1 /* Products */ = {
			isa = PBXGroup;
			children = (
				FE8568742906E7D0001FBED1 /* extension.signing.demo.app */,
				FE85688A2906E96C001FBED1 /* findersynctest.appex */,
			);
			name = Products;
			sourceTree = "<group>";
		};
		FE8568762906E7D0001FBED1 /* extension.signing.demo */ = {
			isa = PBXGroup;
			children = (
				FE8568772906E7D0001FBED1 /* extension_signing_demoApp.swift */,
				FE8568792906E7D0001FBED1 /* ContentView.swift */,
				FE85687B2906E7D1001FBED1 /* Assets.xcassets */,
				FE8568802906E7D1001FBED1 /* extension_signing_demo.entitlements */,
				FE85687D2906E7D1001FBED1 /* Preview Content */,
			);
			path = extension.signing.demo;
			sourceTree = "<group>";
		};
		FE85687D2906E7D1001FBED1 /* Preview Content */ = {
			isa = PBXGroup;
			children = (
				FE85687E2906E7D1001FBED1 /* Preview Assets.xcassets */,
			);
			path = "Preview Content";
			sourceTree = "<group>";
		};
		FE85688B2906E96C001FBED1 /* findersynctest */ = {
			isa = PBXGroup;
			children = (
				FE85688C2906E96C001FBED1 /* FinderSync.swift */,
				FE85688E2906E96C001FBED1 /* Info.plist */,
				FE85688F2906E96C001FBED1 /* findersynctest.entitlements */,
			);
			path = findersynctest;
			sourceTree = "<group>";
		};
/* End PBXGroup section */

/* Begin PBXNativeTarget section */
		FE8568732906E7D0001FBED1 /* extension.signing.demo */ = {
			isa = PBXNativeTarget;
			buildConfigurationList = FE8568832906E7D1001FBED1 /* Build configuration list for PBXNativeTarget "extension.signing.demo" */;
			buildPhases = (
				FE8568702906E7D0001FBED1 /* Sources */,
				FE8568712906E7D0001FBED1 /* Frameworks */,
				FE8568722906E7D0001FBED1 /* Resources */,
				FE8568962906E96C001FBED1 /* Embed Foundation Extensions */,
			);
			buildRules = (
			);
			dependencies = (
				FE8568912906E96C001FBED1 /* PBXTargetDependency */,
			);
			name = extension.signing.demo;
			productName = extension.signing.demo;
			productReference = FE8568742906E7D0001FBED1 /* extension.signing.demo.app */;
			productType = "com.apple.product-type.application";
		};
		FE8568892906E96C001FBED1 /* findersynctest */ = {
			isa = PBXNativeTarget;
			buildConfigurationList = FE8568932906E96C001FBED1 /* Build configuration list for PBXNativeTarget "findersynctest" */;
			buildPhases = (
				FE8568862906E96C001FBED1 /* Sources */,
				FE8568872906E96C001FBED1 /* Frameworks */,
				FE8568882906E96C001FBED1 /* Resources */,
			);
			buildRules = (
			);
			dependencies = (
			);
			name = findersynctest;
			productName = findersynctest;
			productReference = FE85688A2906E96C001FBED1 /* findersynctest.appex */;
			productType = "com.apple.product-type.app-extension";
		};
/* End PBXNativeTarget section */

/* Begin PBXProject section */
		FE85686C2906E7D0001FBED1 /* Project object */ = {
			isa = PBXProject;
			attributes = {
				BuildIndependentTargetsInParallel = 1;
				LastSwiftUpdateCheck = 1400;
				LastUpgradeCheck = 1400;
				TargetAttributes = {
					FE8568732906E7D0001FBED1 = {
						CreatedOnToolsVersion = 14.0.1;
					};
					FE8568892906E96C001FBED1 = {
						CreatedOnToolsVersion = 14.0.1;
					};
				};
			};
			buildConfigurationList = FE85686F2906E7D0001FBED1 /* Build configuration list for PBXProject "extension.signing.demo" */;
			compatibilityVersion = "Xcode 14.0";
			developmentRegion = en;
			hasScannedForEncodings = 0;
			knownRegions = (
				en,
				Base,
			);
			mainGroup = FE85686B2906E7D0001FBED1;
			productRefGroup = FE8568752906E7D0001FBED1 /* Products */;
			projectDirPath = "";
			projectRoot = "";
			targets = (
				FE8568732906E7D0001FBED1 /* extension.signing.demo */,
				FE8568892906E96C001FBED1 /* findersynctest */,
			);
		};
/* End PBXProject section */

/* Begin PBXResourcesBuildPhase section */
		FE8568722906E7D0001FBED1 /* Resources */ = {
			isa = PBXResourcesBuildPhase;
			buildActionMask = 2147483647;
			files = (
				FE85687F2906E7D1001FBED1 /* Preview Assets.xcassets in Resources */,
				FE85687C2906E7D1001FBED1 /* Assets.xcassets in Resources */,
			);
			runOnlyForDeploymentPostprocessing = 0;
		};
		FE8568882906E96C001FBED1 /* Resources */ = {
			isa = PBXResourcesBuildPhase;
			buildActionMask = 2147483647;
			files = (
			);
			runOnlyForDeploymentPostprocessing = 0;
		};
/* End PBXResourcesBuildPhase section */

/* Begin PBXSourcesBuildPhase section */
		FE8568702906E7D0001FBED1 /* Sources */ = {
			isa = PBXSourcesBuildPhase;
			buildActionMask = 2147483647;
			files = (
				FE85687A2906E7D0001FBED1 /* ContentView.swift in Sources */,
				FE8568782906E7D0001FBED1 /* extension_signing_demoApp.swift in Sources */,
			);
			runOnlyForDeploymentPostprocessing = 0;
		};
		FE8568862906E96C001FBED1 /* Sources */ = {
			isa = PBXSourcesBuildPhase;
			buildActionMask = 2147483647;
			files = (
				FE85688D2906E96C001FBED1 /* FinderSync.swift in Sources */,
			);
			runOnlyForDeploymentPostprocessing = 0;
		};
/* End PBXSourcesBuildPhase section */

/* Begin PBXTargetDependency section */
		FE8568912906E96C001FBED1 /* PBXTargetDependency */ = {
			isa = PBXTargetDependency;
			target = FE8568892906E96C001FBED1 /* findersynctest */;
			targetProxy = FE8568902906E96C001FBED1 /* PBXContainerItemProxy */;
		};
/* End PBXTargetDependency section */

/* Begin XCBuildConfiguration section */
		FE8568812906E7D1001FBED1 /* Debug */ = {
			isa = XCBuildConfiguration;
			buildSettings = {
				ALWAYS_SEARCH_USER_PATHS = NO;
				CLANG_ANALYZER_NONNULL = YES;
				CLANG_ANALYZER_NUMBER_OBJECT_CONVERSION = YES_AGGRESSIVE;
				CLANG_CXX_LANGUAGE_STANDARD = "gnu++20";
				CLANG_ENABLE_MODULES = YES;
				CLANG_ENABLE_OBJC_ARC = YES;
				CLANG_ENABLE_OBJC_WEAK = YES;
				CLANG_WARN_BLOCK_CAPTURE_AUTORELEASING = YES;
				CLANG_WARN_BOOL_CONVERSION = YES;
				CLANG_WARN_COMMA = YES;
				CLANG_WARN_CONSTANT_CONVERSION = YES;
				CLANG_WARN_DEPRECATED_OBJC_IMPLEMENTATIONS = YES;
				CLANG_WARN_DIRECT_OBJC_ISA_USAGE = YES_ERROR;
				CLANG_WARN_DOCUMENTATION_COMMENTS = YES;
				CLANG_WARN_EMPTY_BODY = YES;
				CLANG_WARN_ENUM_CONVERSION = YES;
				CLANG_WARN_INFINITE_RECURSION = YES;
				CLANG_WARN_INT_CONVERSION = YES;
				CLANG_WARN_NON_LITERAL_NULL_CONVERSION = YES;
				CLANG_WARN_OBJC_IMPLICIT_RETAIN_SELF = YES;
				CLANG_WARN_OBJC_LITERAL_CONVERSION = YES;
				CLANG_WARN_OBJC_ROOT_CLASS = YES_ERROR;
				CLANG_WARN_QUOTED_INCLUDE_IN_FRAMEWORK_HEADER = YES;
				CLANG_WARN_RANGE_LOOP_ANALYSIS = YES;
				CLANG_WARN_STRICT_PROTOTYPES = YES;
				CLANG_WARN_SUSPICIOUS_MOVE = YES;
				CLANG_WARN_UNGUARDED_AVAILABILITY = YES_AGGRESSIVE;
				CLANG_WARN_UNREACHABLE_CODE = YES;
				CLANG_WARN__DUPLICATE_METHOD_MATCH = YES;
				COPY_PHASE_STRIP = NO;
				DEBUG_INFORMATION_FORMAT = dwarf;
				ENABLE_STRICT_OBJC_MSGSEND = YES;
				ENABLE_TESTABILITY = YES;
				GCC_C_LANGUAGE_STANDARD = gnu11;
				GCC_DYNAMIC_NO_PIC = NO;
				GCC_NO_COMMON_BLOCKS = YES;
				GCC_OPTIMIZATION_LEVEL = 0;
				GCC_PREPROCESSOR_DEFINITIONS = (
					"DEBUG=1",
					"$(inherited)",
				);
				GCC_WARN_64_TO_32_BIT_CONVERSION = YES;
				GCC_WARN_ABOUT_RETURN_TYPE = YES_ERROR;
				GCC_WARN_UNDECLARED_SELECTOR = YES;
				GCC_WARN_UNINITIALIZED_AUTOS = YES_AGGRESSIVE;
				GCC_WARN_UNUSED_FUNCTION = YES;
				GCC_WARN_UNUSED_VARIABLE = YES;
				MACOSX_DEPLOYMENT_TARGET = 12.3;
				MTL_ENABLE_DEBUG_INFO = INCLUDE_SOURCE;
				MTL_FAST_MATH = YES;
				ONLY_ACTIVE_ARCH = YES;
				SDKROOT = macosx;
				SWIFT_ACTIVE_COMPILATION_CONDITIONS = DEBUG;
				SWIFT_OPTIMIZATION_LEVEL = "-Onone";
			};
			name = Debug;
		};
		FE8568822906E7D1001FBED1 /* Release */ = {
			isa = XCBuildConfiguration;
			buildSettings = {
				ALWAYS_SEARCH_USER_PATHS = NO;
				CLANG_ANALYZER_NONNULL = YES;
				CLANG_ANALYZER_NUMBER_OBJECT_CONVERSION = YES_AGGRESSIVE;
				CLANG_CXX_LANGUAGE_STANDARD = "gnu++20";
				CLANG_ENABLE_MODULES = YES;
				CLANG_ENABLE_OBJC_ARC = YES;
				CLANG_ENABLE_OBJC_WEAK = YES;
				CLANG_WARN_BLOCK_CAPTURE_AUTORELEASING = YES;
				CLANG_WARN_BOOL_CONVERSION = YES;
				CLANG_WARN_COMMA = YES;
				CLANG_WARN_CONSTANT_CONVERSION = YES;
				CLANG_WARN_DEPRECATED_OBJC_IMPLEMENTATIONS = YES;
				CLANG_WARN_DIRECT_OBJC_ISA_USAGE = YES_ERROR;
				CLANG_WARN_DOCUMENTATION_COMMENTS = YES;
				CLANG_WARN_EMPTY_BODY = YES;
				CLANG_WARN_ENUM_CONVERSION = YES;
				CLANG_WARN_INFINITE_RECURSION = YES;
				CLANG_WARN_INT_CONVERSION = YES;
				CLANG_WARN_NON_LITERAL_NULL_CONVERSION = YES;
				CLANG_WARN_OBJC_IMPLICIT_RETAIN_SELF = YES;
				CLANG_WARN_OBJC_LITERAL_CONVERSION = YES;
				CLANG_WARN_OBJC_ROOT_CLASS = YES_ERROR;
				CLANG_WARN_QUOTED_INCLUDE_IN_FRAMEWORK_HEADER = YES;
				CLANG_WARN_RANGE_LOOP_ANALYSIS = YES;
				CLANG_WARN_STRICT_PROTOTYPES = YES;
				CLANG_WARN_SUSPICIOUS_MOVE = YES;
				CLANG_WARN_UNGUARDED_AVAILABILITY = YES_AGGRESSIVE;
				CLANG_WARN_UNREACHABLE_CODE = YES;
				CLANG_WARN__DUPLICATE_METHOD_MATCH = YES;
				COPY_PHASE_STRIP = NO;
				DEBUG_INFORMATION_FORMAT = "dwarf-with-dsym";
				ENABLE_NS_ASSERTIONS = NO;
				ENABLE_STRICT_OBJC_MSGSEND = YES;
				GCC_C_LANGUAGE_STANDARD = gnu11;
				GCC_NO_COMMON_BLOCKS = YES;
				GCC_WARN_64_TO_32_BIT_CONVERSION = YES;
				GCC_WARN_ABOUT_RETURN_TYPE = YES_ERROR;
				GCC_WARN_UNDECLARED_SELECTOR = YES;
				GCC_WARN_UNINITIALIZED_AUTOS = YES_AGGRESSIVE;
				GCC_WARN_UNUSED_FUNCTION = YES;
				GCC_WARN_UNUSED_VARIABLE = YES;
				MACOSX_DEPLOYMENT_TARGET = 12.3;
				MTL_ENABLE_DEBUG_INFO = NO;
				MTL_FAST_MATH = YES;
				SDKROOT = macosx;
				SWIFT_COMPILATION_MODE = wholemodule;
				SWIFT_OPTIMIZATION_LEVEL = "-O";
			};
			name = Release;
		};
		FE8568842906E7D1001FBED1 /* Debug */ = {
			isa = XCBuildConfiguration;
			buildSettings = {
				ALWAYS_EMBED_SWIFT_STANDARD_LIBRARIES = YES;
				ASSETCATALOG_COMPILER_APPICON_NAME = AppIcon;
				ASSETCATALOG_COMPILER_GLOBAL_ACCENT_COLOR_NAME = AccentColor;
				CODE_SIGN_ENTITLEMENTS = extension.signing.demo/extension_signing_demo.entitlements;
				CODE_SIGN_STYLE = Automatic;
				COMBINE_HIDPI_IMAGES = YES;
				CURRENT_PROJECT_VERSION = 1;
				DEVELOPMENT_ASSET_PATHS = "\"extension.signing.demo/Preview Content\"";
				DEVELOPMENT_TEAM = L359S3P7NK;
				ENABLE_HARDENED_RUNTIME = YES;
				ENABLE_PREVIEWS = YES;
				GENERATE_INFOPLIST_FILE = YES;
				INFOPLIST_KEY_NSHumanReadableCopyright = "";
				LD_RUNPATH_SEARCH_PATHS = (
					"$(inherited)",
					"@executable_path/../Frameworks",
				);
				MARKETING_VERSION = 1.0;
				PRODUCT_BUNDLE_IDENTIFIER = "ch.test.extension-signing-demo";
				PRODUCT_NAME = "$(TARGET_NAME)";
				SWIFT_EMIT_LOC_STRINGS = YES;
				SWIFT_VERSION = 5.0;
			};
			name = Debug;
		};
		FE8568852906E7D1001FBED1 /* Release */ = {
			isa = XCBuildConfiguration;
			buildSettings = {
				ALWAYS_EMBED_SWIFT_STANDARD_LIBRARIES = YES;
				ASSETCATALOG_COMPILER_APPICON_NAME = AppIcon;
				ASSETCATALOG_COMPILER_GLOBAL_ACCENT_COLOR_NAME = AccentColor;
				CODE_SIGN_ENTITLEMENTS = extension.signing.demo/extension_signing_demo.entitlements;
				CODE_SIGN_STYLE = Automatic;
				COMBINE_HIDPI_IMAGES = YES;
				CURRENT_PROJECT_VERSION = 1;
				DEVELOPMENT_ASSET_PATHS = "\"extension.signing.demo/Preview Content\"";
				DEVELOPMENT_TEAM = L359S3P7NK;
				ENABLE_HARDENED_RUNTIME = YES;
				ENABLE_PREVIEWS = YES;
				GENERATE_INFOPLIST_FILE = YES;
				INFOPLIST_KEY_NSHumanReadableCopyright = "";
				LD_RUNPATH_SEARCH_PATHS = (
					"$(inherited)",
					"@executable_path/../Frameworks",
				);
				MARKETING_VERSION = 1.0;
				PRODUCT_BUNDLE_IDENTIFIER = "ch.test.extension-signing-demo";
				PRODUCT_NAME = "$(TARGET_NAME)";
				SWIFT_EMIT_LOC_STRINGS = YES;
				SWIFT_VERSION = 5.0;
			};
			name = Release;
		};
		FE8568942906E96C001FBED1 /* Debug */ = {
			isa = XCBuildConfiguration;
			buildSettings = {
				CODE_SIGN_ENTITLEMENTS = findersynctest/findersynctest.entitlements;
				CODE_SIGN_STYLE = Automatic;
				COMBINE_HIDPI_IMAGES = YES;
				CURRENT_PROJECT_VERSION = 1;
				DEVELOPMENT_TEAM = L359S3P7NK;
				ENABLE_HARDENED_RUNTIME = YES;
				GENERATE_INFOPLIST_FILE = YES;
				INFOPLIST_FILE = findersynctest/Info.plist;
				INFOPLIST_KEY_CFBundleDisplayName = findersynctest;
				INFOPLIST_KEY_NSHumanReadableCopyright = "";
				LD_RUNPATH_SEARCH_PATHS = (
					"$(inherited)",
					"@executable_path/../Frameworks",
					"@executable_path/../../../../Frameworks",
				);
				MARKETING_VERSION = 1.0;
				PRODUCT_BUNDLE_IDENTIFIER = "ch.test.extension-signing-demo.findersynctest";
				PRODUCT_NAME = "$(TARGET_NAME)";
				SKIP_INSTALL = YES;
				SWIFT_EMIT_LOC_STRINGS = YES;
				SWIFT_VERSION = 5.0;
			};
			name = Debug;
		};
		FE8568952906E96C001FBED1 /* Release */ = {
			isa = XCBuildConfiguration;
			buildSettings = {
				CODE_SIGN_ENTITLEMENTS = findersynctest/findersynctest.entitlements;
				CODE_SIGN_STYLE = Automatic;
				COMBINE_HIDPI_IMAGES = YES;
				CURRENT_PROJECT_VERSION = 1;
				DEVELOPMENT_TEAM = L359S3P7NK;
				ENABLE_HARDENED_RUNTIME = YES;
				GENERATE_INFOPLIST_FILE = YES;
				INFOPLIST_FILE = findersynctest/Info.plist;
				INFOPLIST_KEY_CFBundleDisplayName = findersynctest;
				INFOPLIST_KEY_NSHumanReadableCopyright = "";
				LD_RUNPATH_SEARCH_PATHS = (
					"$(inherited)",
					"@executable_path/../Frameworks",
					"@executable_path/../../../../Frameworks",
				);
				MARKETING_VERSION = 1.0;
				PRODUCT_BUNDLE_IDENTIFIER = "ch.test.extension-signing-demo.findersynctest";
				PRODUCT_NAME = "$(TARGET_NAME)";
				SKIP_INSTALL = YES;
				SWIFT_EMIT_LOC_STRINGS = YES;
				SWIFT_VERSION = 5.0;
			};
			name = Release;
		};
/* End XCBuildConfiguration section */

/* Begin XCConfigurationList section */
		FE85686F2906E7D0001FBED1 /* Build configuration list for PBXProject "extension.signing.demo" */ = {
			isa = XCConfigurationList;
			buildConfigurations = (
				FE8568812906E7D1001FBED1 /* Debug */,
				FE8568822906E7D1001FBED1 /* Release */,
			);
			defaultConfigurationIsVisible = 0;
			defaultConfigurationName = Release;
		};
		FE8568832906E7D1001FBED1 /* Build configuration list for PBXNativeTarget "extension.signing.demo" */ = {
			isa = XCConfigurationList;
			buildConfigurations = (
				FE8568842906E7D1001FBED1 /* Debug */,
				FE8568852906E7D1001FBED1 /* Release */,
			);
			defaultConfigurationIsVisible = 0;
			defaultConfigurationName = Release;
		};
		FE8568932906E96C001FBED1 /* Build configuration list for PBXNativeTarget "findersynctest" */ = {
			isa = XCConfigurationList;
			buildConfigurations = (
				FE8568942906E96C001FBED1 /* Debug */,
				FE8568952906E96C001FBED1 /* Release */,
			);
			defaultConfigurationIsVisible = 0;
			defaultConfigurationName = Release;
		};
/* End XCConfigurationList section */
	};
	rootObject = FE85686C2906E7D0001FBED1 /* Project object */;
}
